
Microsoft Visual Studio Solution File, Format Version 12.00
# Visual Studio 15
VisualStudioVersion = 15.0.26730.12
MinimumVisualStudioVersion = 10.0.40219.1
Project("{FAE04EC0-301F-11D3-BF4B-00C04F79EFBC}") = "Lumi.Android", "Lumi\Lumi.Android\Lumi.Android.csproj", "{1FE1A838-1314-4FBA-A130-F404A775BA29}"
EndProject
Project("{FAE04EC0-301F-11D3-BF4B-00C04F79EFBC}") = "Lumi", "Lumi\Lumi\Lumi.csproj", "{6FA35CD2-2A8F-4BA6-8FAD-11C4C271DABA}"
EndProject
Project("{FAE04EC0-301F-11D3-BF4B-00C04F79EFBC}") = "Lumi.UWP", "Lumi\Lumi.UWP\Lumi.UWP.csproj", "{CB4CFCED-F256-47E5-9096-66F5037DA49C}"
EndProject
Project("{FAE04EC0-301F-11D3-BF4B-00C04F79EFBC}") = "Lumi.iOS", "Lumi\Lumi.iOS\Lumi.iOS.csproj", "{895EED68-35C0-4390-B860-92F84FDA5525}"
EndProject
Global
	GlobalSection(SolutionConfigurationPlatforms) = preSolution
		Ad-Hoc|Any CPU = Ad-Hoc|Any CPU
		Ad-Hoc|ARM = Ad-Hoc|ARM
		Ad-Hoc|iPhone = Ad-Hoc|iPhone
		Ad-Hoc|iPhoneSimulator = Ad-Hoc|iPhoneSimulator
		Ad-Hoc|x64 = Ad-Hoc|x64
		Ad-Hoc|x86 = Ad-Hoc|x86
		AppStore|Any CPU = AppStore|Any CPU
		AppStore|ARM = AppStore|ARM
		AppStore|iPhone = AppStore|iPhone
		AppStore|iPhoneSimulator = AppStore|iPhoneSimulator
		AppStore|x64 = AppStore|x64
		AppStore|x86 = AppStore|x86
		Debug|Any CPU = Debug|Any CPU
		Debug|ARM = Debug|ARM
		Debug|iPhone = Debug|iPhone
		Debug|iPhoneSimulator = Debug|iPhoneSimulator
		Debug|x64 = Debug|x64
		Debug|x86 = Debug|x86
		Release|Any CPU = Release|Any CPU
		Release|ARM = Release|ARM
		Release|iPhone = Release|iPhone
		Release|iPhoneSimulator = Release|iPhoneSimulator
		Release|x64 = Release|x64
		Release|x86 = Release|x86
	EndGlobalSection
	GlobalSection(ProjectConfigurationPlatforms) = postSolution
		{1FE1A838-1314-4FBA-A130-F404A775BA29}.Ad-Hoc|Any CPU.ActiveCfg = Release|Any CPU
		{1FE1A838-1314-4FBA-A130-F404A775BA29}.Ad-Hoc|Any CPU.Build.0 = Release|Any CPU
		{1FE1A838-1314-4FBA-A130-F404A775BA29}.Ad-Hoc|Any CPU.Deploy.0 = Release|Any CPU
		{1FE1A838-1314-4FBA-A130-F404A775BA29}.Ad-Hoc|ARM.ActiveCfg = Release|Any CPU
		{1FE1A838-1314-4FBA-A130-F404A775BA29}.Ad-Hoc|ARM.Build.0 = Release|Any CPU
		{1FE1A838-1314-4FBA-A130-F404A775BA29}.Ad-Hoc|ARM.Deploy.0 = Release|Any CPU
		{1FE1A838-1314-4FBA-A130-F404A775BA29}.Ad-Hoc|iPhone.ActiveCfg = Release|Any CPU
		{1FE1A838-1314-4FBA-A130-F404A775BA29}.Ad-Hoc|iPhone.Build.0 = Release|Any CPU
		{1FE1A838-1314-4FBA-A130-F404A775BA29}.Ad-Hoc|iPhone.Deploy.0 = Release|Any CPU
		{1FE1A838-1314-4FBA-A130-F404A775BA29}.Ad-Hoc|iPhoneSimulator.ActiveCfg = Release|Any CPU
		{1FE1A838-1314-4FBA-A130-F404A775BA29}.Ad-Hoc|iPhoneSimulator.Build.0 = Release|Any CPU
		{1FE1A838-1314-4FBA-A130-F404A775BA29}.Ad-Hoc|iPhoneSimulator.Deploy.0 = Release|Any CPU
		{1FE1A838-1314-4FBA-A130-F404A775BA29}.Ad-Hoc|x64.ActiveCfg = Release|Any CPU
		{1FE1A838-1314-4FBA-A130-F404A775BA29}.Ad-Hoc|x64.Build.0 = Release|Any CPU
		{1FE1A838-1314-4FBA-A130-F404A775BA29}.Ad-Hoc|x64.Deploy.0 = Release|Any CPU
		{1FE1A838-1314-4FBA-A130-F404A775BA29}.Ad-Hoc|x86.ActiveCfg = Release|Any CPU
		{1FE1A838-1314-4FBA-A130-F404A775BA29}.Ad-Hoc|x86.Build.0 = Release|Any CPU
		{1FE1A838-1314-4FBA-A130-F404A775BA29}.Ad-Hoc|x86.Deploy.0 = Release|Any CPU
		{1FE1A838-1314-4FBA-A130-F404A775BA29}.AppStore|Any CPU.ActiveCfg = Release|Any CPU
		{1FE1A838-1314-4FBA-A130-F404A775BA29}.AppStore|Any CPU.Build.0 = Release|Any CPU
		{1FE1A838-1314-4FBA-A130-F404A775BA29}.AppStore|Any CPU.Deploy.0 = Release|Any CPU
		{1FE1A838-1314-4FBA-A130-F404A775BA29}.AppStore|ARM.ActiveCfg = Release|Any CPU
		{1FE1A838-1314-4FBA-A130-F404A775BA29}.AppStore|ARM.Build.0 = Release|Any CPU
		{1FE1A838-1314-4FBA-A130-F404A775BA29}.AppStore|ARM.Deploy.0 = Release|Any CPU
		{1FE1A838-1314-4FBA-A130-F404A775BA29}.AppStore|iPhone.ActiveCfg = Release|Any CPU
		{1FE1A838-1314-4FBA-A130-F404A775BA29}.AppStore|iPhone.Build.0 = Release|Any CPU
		{1FE1A838-1314-4FBA-A130-F404A775BA29}.AppStore|iPhone.Deploy.0 = Release|Any CPU
		{1FE1A838-1314-4FBA-A130-F404A775BA29}.AppStore|iPhoneSimulator.ActiveCfg = Release|Any CPU
		{1FE1A838-1314-4FBA-A130-F404A775BA29}.AppStore|iPhoneSimulator.Build.0 = Release|Any CPU
		{1FE1A838-1314-4FBA-A130-F404A775BA29}.AppStore|iPhoneSimulator.Deploy.0 = Release|Any CPU
		{1FE1A838-1314-4FBA-A130-F404A775BA29}.AppStore|x64.ActiveCfg = Release|Any CPU
		{1FE1A838-1314-4FBA-A130-F404A775BA29}.AppStore|x64.Build.0 = Release|Any CPU
		{1FE1A838-1314-4FBA-A130-F404A775BA29}.AppStore|x64.Deploy.0 = Release|Any CPU
		{1FE1A838-1314-4FBA-A130-F404A775BA29}.AppStore|x86.ActiveCfg = Release|Any CPU
		{1FE1A838-1314-4FBA-A130-F404A775BA29}.AppStore|x86.Build.0 = Release|Any CPU
		{1FE1A838-1314-4FBA-A130-F404A775BA29}.AppStore|x86.Deploy.0 = Release|Any CPU
		{1FE1A838-1314-4FBA-A130-F404A775BA29}.Debug|Any CPU.ActiveCfg = Debug|Any CPU
		{1FE1A838-1314-4FBA-A130-F404A775BA29}.Debug|Any CPU.Build.0 = Debug|Any CPU
		{1FE1A838-1314-4FBA-A130-F404A775BA29}.Debug|Any CPU.Deploy.0 = Debug|Any CPU
		{1FE1A838-1314-4FBA-A130-F404A775BA29}.Debug|ARM.ActiveCfg = Debug|Any CPU
		{1FE1A838-1314-4FBA-A130-F404A775BA29}.Debug|ARM.Build.0 = Debug|Any CPU
		{1FE1A838-1314-4FBA-A130-F404A775BA29}.Debug|ARM.Deploy.0 = Debug|Any CPU
		{1FE1A838-1314-4FBA-A130-F404A775BA29}.Debug|iPhone.ActiveCfg = Debug|Any CPU
		{1FE1A838-1314-4FBA-A130-F404A775BA29}.Debug|iPhone.Build.0 = Debug|Any CPU
		{1FE1A838-1314-4FBA-A130-F404A775BA29}.Debug|iPhone.Deploy.0 = Debug|Any CPU
		{1FE1A838-1314-4FBA-A130-F404A775BA29}.Debug|iPhoneSimulator.ActiveCfg = Debug|Any CPU
		{1FE1A838-1314-4FBA-A130-F404A775BA29}.Debug|iPhoneSimulator.Build.0 = Debug|Any CPU
		{1FE1A838-1314-4FBA-A130-F404A775BA29}.Debug|iPhoneSimulator.Deploy.0 = Debug|Any CPU
		{1FE1A838-1314-4FBA-A130-F404A775BA29}.Debug|x64.ActiveCfg = Debug|Any CPU
		{1FE1A838-1314-4FBA-A130-F404A775BA29}.Debug|x64.Build.0 = Debug|Any CPU
		{1FE1A838-1314-4FBA-A130-F404A775BA29}.Debug|x64.Deploy.0 = Debug|Any CPU
		{1FE1A838-1314-4FBA-A130-F404A775BA29}.Debug|x86.ActiveCfg = Debug|Any CPU
		{1FE1A838-1314-4FBA-A130-F404A775BA29}.Debug|x86.Build.0 = Debug|Any CPU
		{1FE1A838-1314-4FBA-A130-F404A775BA29}.Debug|x86.Deploy.0 = Debug|Any CPU
		{1FE1A838-1314-4FBA-A130-F404A775BA29}.Release|Any CPU.ActiveCfg = Release|Any CPU
		{1FE1A838-1314-4FBA-A130-F404A775BA29}.Release|Any CPU.Build.0 = Release|Any CPU
		{1FE1A838-1314-4FBA-A130-F404A775BA29}.Release|Any CPU.Deploy.0 = Release|Any CPU
		{1FE1A838-1314-4FBA-A130-F404A775BA29}.Release|ARM.ActiveCfg = Release|Any CPU
		{1FE1A838-1314-4FBA-A130-F404A775BA29}.Release|ARM.Build.0 = Release|Any CPU
		{1FE1A838-1314-4FBA-A130-F404A775BA29}.Release|ARM.Deploy.0 = Release|Any CPU
		{1FE1A838-1314-4FBA-A130-F404A775BA29}.Release|iPhone.ActiveCfg = Release|Any CPU
		{1FE1A838-1314-4FBA-A130-F404A775BA29}.Release|iPhone.Build.0 = Release|Any CPU
		{1FE1A838-1314-4FBA-A130-F404A775BA29}.Release|iPhone.Deploy.0 = Release|Any CPU
		{1FE1A838-1314-4FBA-A130-F404A775BA29}.Release|iPhoneSimulator.ActiveCfg = Release|Any CPU
		{1FE1A838-1314-4FBA-A130-F404A775BA29}.Release|iPhoneSimulator.Build.0 = Release|Any CPU
		{1FE1A838-1314-4FBA-A130-F404A775BA29}.Release|iPhoneSimulator.Deploy.0 = Release|Any CPU
		{1FE1A838-1314-4FBA-A130-F404A775BA29}.Release|x64.ActiveCfg = Release|Any CPU
		{1FE1A838-1314-4FBA-A130-F404A775BA29}.Release|x64.Build.0 = Release|Any CPU
		{1FE1A838-1314-4FBA-A130-F404A775BA29}.Release|x64.Deploy.0 = Release|Any CPU
		{1FE1A838-1314-4FBA-A130-F404A775BA29}.Release|x86.ActiveCfg = Release|Any CPU
		{1FE1A838-1314-4FBA-A130-F404A775BA29}.Release|x86.Build.0 = Release|Any CPU
		{1FE1A838-1314-4FBA-A130-F404A775BA29}.Release|x86.Deploy.0 = Release|Any CPU
		{6FA35CD2-2A8F-4BA6-8FAD-11C4C271DABA}.Ad-Hoc|Any CPU.ActiveCfg = Release|Any CPU
		{6FA35CD2-2A8F-4BA6-8FAD-11C4C271DABA}.Ad-Hoc|Any CPU.Build.0 = Release|Any CPU
		{6FA35CD2-2A8F-4BA6-8FAD-11C4C271DABA}.Ad-Hoc|ARM.ActiveCfg = Release|Any CPU
		{6FA35CD2-2A8F-4BA6-8FAD-11C4C271DABA}.Ad-Hoc|ARM.Build.0 = Release|Any CPU
		{6FA35CD2-2A8F-4BA6-8FAD-11C4C271DABA}.Ad-Hoc|iPhone.ActiveCfg = Release|Any CPU
		{6FA35CD2-2A8F-4BA6-8FAD-11C4C271DABA}.Ad-Hoc|iPhone.Build.0 = Release|Any CPU
		{6FA35CD2-2A8F-4BA6-8FAD-11C4C271DABA}.Ad-Hoc|iPhoneSimulator.ActiveCfg = Release|Any CPU
		{6FA35CD2-2A8F-4BA6-8FAD-11C4C271DABA}.Ad-Hoc|iPhoneSimulator.Build.0 = Release|Any CPU
		{6FA35CD2-2A8F-4BA6-8FAD-11C4C271DABA}.Ad-Hoc|x64.ActiveCfg = Release|Any CPU
		{6FA35CD2-2A8F-4BA6-8FAD-11C4C271DABA}.Ad-Hoc|x64.Build.0 = Release|Any CPU
		{6FA35CD2-2A8F-4BA6-8FAD-11C4C271DABA}.Ad-Hoc|x86.ActiveCfg = Release|Any CPU
		{6FA35CD2-2A8F-4BA6-8FAD-11C4C271DABA}.Ad-Hoc|x86.Build.0 = Release|Any CPU
		{6FA35CD2-2A8F-4BA6-8FAD-11C4C271DABA}.AppStore|Any CPU.ActiveCfg = Release|Any CPU
		{6FA35CD2-2A8F-4BA6-8FAD-11C4C271DABA}.AppStore|Any CPU.Build.0 = Release|Any CPU
		{6FA35CD2-2A8F-4BA6-8FAD-11C4C271DABA}.AppStore|ARM.ActiveCfg = Release|Any CPU
		{6FA35CD2-2A8F-4BA6-8FAD-11C4C271DABA}.AppStore|ARM.Build.0 = Release|Any CPU
		{6FA35CD2-2A8F-4BA6-8FAD-11C4C271DABA}.AppStore|iPhone.ActiveCfg = Release|Any CPU
		{6FA35CD2-2A8F-4BA6-8FAD-11C4C271DABA}.AppStore|iPhone.Build.0 = Release|Any CPU
		{6FA35CD2-2A8F-4BA6-8FAD-11C4C271DABA}.AppStore|iPhoneSimulator.ActiveCfg = Release|Any CPU
		{6FA35CD2-2A8F-4BA6-8FAD-11C4C271DABA}.AppStore|iPhoneSimulator.Build.0 = Release|Any CPU
		{6FA35CD2-2A8F-4BA6-8FAD-11C4C271DABA}.AppStore|x64.ActiveCfg = Release|Any CPU
		{6FA35CD2-2A8F-4BA6-8FAD-11C4C271DABA}.AppStore|x64.Build.0 = Release|Any CPU
		{6FA35CD2-2A8F-4BA6-8FAD-11C4C271DABA}.AppStore|x86.ActiveCfg = Release|Any CPU
		{6FA35CD2-2A8F-4BA6-8FAD-11C4C271DABA}.AppStore|x86.Build.0 = Release|Any CPU
		{6FA35CD2-2A8F-4BA6-8FAD-11C4C271DABA}.Debug|Any CPU.ActiveCfg = Debug|Any CPU
		{6FA35CD2-2A8F-4BA6-8FAD-11C4C271DABA}.Debug|Any CPU.Build.0 = Debug|Any CPU
		{6FA35CD2-2A8F-4BA6-8FAD-11C4C271DABA}.Debug|ARM.ActiveCfg = Debug|Any CPU
		{6FA35CD2-2A8F-4BA6-8FAD-11C4C271DABA}.Debug|ARM.Build.0 = Debug|Any CPU
		{6FA35CD2-2A8F-4BA6-8FAD-11C4C271DABA}.Debug|iPhone.ActiveCfg = Debug|Any CPU
		{6FA35CD2-2A8F-4BA6-8FAD-11C4C271DABA}.Debug|iPhone.Build.0 = Debug|Any CPU
		{6FA35CD2-2A8F-4BA6-8FAD-11C4C271DABA}.Debug|iPhoneSimulator.ActiveCfg = Debug|Any CPU
		{6FA35CD2-2A8F-4BA6-8FAD-11C4C271DABA}.Debug|iPhoneSimulator.Build.0 = Debug|Any CPU
		{6FA35CD2-2A8F-4BA6-8FAD-11C4C271DABA}.Debug|x64.ActiveCfg = Debug|Any CPU
		{6FA35CD2-2A8F-4BA6-8FAD-11C4C271DABA}.Debug|x64.Build.0 = Debug|Any CPU
		{6FA35CD2-2A8F-4BA6-8FAD-11C4C271DABA}.Debug|x86.ActiveCfg = Debug|Any CPU
		{6FA35CD2-2A8F-4BA6-8FAD-11C4C271DABA}.Debug|x86.Build.0 = Debug|Any CPU
		{6FA35CD2-2A8F-4BA6-8FAD-11C4C271DABA}.Release|Any CPU.ActiveCfg = Release|Any CPU
		{6FA35CD2-2A8F-4BA6-8FAD-11C4C271DABA}.Release|Any CPU.Build.0 = Release|Any CPU
		{6FA35CD2-2A8F-4BA6-8FAD-11C4C271DABA}.Release|ARM.ActiveCfg = Release|Any CPU
		{6FA35CD2-2A8F-4BA6-8FAD-11C4C271DABA}.Release|ARM.Build.0 = Release|Any CPU
		{6FA35CD2-2A8F-4BA6-8FAD-11C4C271DABA}.Release|iPhone.ActiveCfg = Release|Any CPU
		{6FA35CD2-2A8F-4BA6-8FAD-11C4C271DABA}.Release|iPhone.Build.0 = Release|Any CPU
		{6FA35CD2-2A8F-4BA6-8FAD-11C4C271DABA}.Release|iPhoneSimulator.ActiveCfg = Release|Any CPU
		{6FA35CD2-2A8F-4BA6-8FAD-11C4C271DABA}.Release|iPhoneSimulator.Build.0 = Release|Any CPU
		{6FA35CD2-2A8F-4BA6-8FAD-11C4C271DABA}.Release|x64.ActiveCfg = Release|Any CPU
		{6FA35CD2-2A8F-4BA6-8FAD-11C4C271DABA}.Release|x64.Build.0 = Release|Any CPU
		{6FA35CD2-2A8F-4BA6-8FAD-11C4C271DABA}.Release|x86.ActiveCfg = Release|Any CPU
		{6FA35CD2-2A8F-4BA6-8FAD-11C4C271DABA}.Release|x86.Build.0 = Release|Any CPU
		{CB4CFCED-F256-47E5-9096-66F5037DA49C}.Ad-Hoc|Any CPU.ActiveCfg = Release|x86
		{CB4CFCED-F256-47E5-9096-66F5037DA49C}.Ad-Hoc|Any CPU.Build.0 = Release|x86
		{CB4CFCED-F256-47E5-9096-66F5037DA49C}.Ad-Hoc|Any CPU.Deploy.0 = Release|x86
		{CB4CFCED-F256-47E5-9096-66F5037DA49C}.Ad-Hoc|ARM.ActiveCfg = Release|ARM
		{CB4CFCED-F256-47E5-9096-66F5037DA49C}.Ad-Hoc|ARM.Build.0 = Release|ARM
		{CB4CFCED-F256-47E5-9096-66F5037DA49C}.Ad-Hoc|ARM.Deploy.0 = Release|ARM
		{CB4CFCED-F256-47E5-9096-66F5037DA49C}.Ad-Hoc|iPhone.ActiveCfg = Release|x86
		{CB4CFCED-F256-47E5-9096-66F5037DA49C}.Ad-Hoc|iPhone.Build.0 = Release|x86
		{CB4CFCED-F256-47E5-9096-66F5037DA49C}.Ad-Hoc|iPhone.Deploy.0 = Release|x86
		{CB4CFCED-F256-47E5-9096-66F5037DA49C}.Ad-Hoc|iPhoneSimulator.ActiveCfg = Release|x86
		{CB4CFCED-F256-47E5-9096-66F5037DA49C}.Ad-Hoc|iPhoneSimulator.Build.0 = Release|x86
		{CB4CFCED-F256-47E5-9096-66F5037DA49C}.Ad-Hoc|iPhoneSimulator.Deploy.0 = Release|x86
		{CB4CFCED-F256-47E5-9096-66F5037DA49C}.Ad-Hoc|x64.ActiveCfg = Release|x64
		{CB4CFCED-F256-47E5-9096-66F5037DA49C}.Ad-Hoc|x64.Build.0 = Release|x64
		{CB4CFCED-F256-47E5-9096-66F5037DA49C}.Ad-Hoc|x64.Deploy.0 = Release|x64
		{CB4CFCED-F256-47E5-9096-66F5037DA49C}.Ad-Hoc|x86.ActiveCfg = Release|x86
		{CB4CFCED-F256-47E5-9096-66F5037DA49C}.Ad-Hoc|x86.Build.0 = Release|x86
		{CB4CFCED-F256-47E5-9096-66F5037DA49C}.Ad-Hoc|x86.Deploy.0 = Release|x86
		{CB4CFCED-F256-47E5-9096-66F5037DA49C}.AppStore|Any CPU.ActiveCfg = Release|x86
		{CB4CFCED-F256-47E5-9096-66F5037DA49C}.AppStore|Any CPU.Build.0 = Release|x86
		{CB4CFCED-F256-47E5-9096-66F5037DA49C}.AppStore|Any CPU.Deploy.0 = Release|x86
		{CB4CFCED-F256-47E5-9096-66F5037DA49C}.AppStore|ARM.ActiveCfg = Release|ARM
		{CB4CFCED-F256-47E5-9096-66F5037DA49C}.AppStore|ARM.Build.0 = Release|ARM
		{CB4CFCED-F256-47E5-9096-66F5037DA49C}.AppStore|ARM.Deploy.0 = Release|ARM
		{CB4CFCED-F256-47E5-9096-66F5037DA49C}.AppStore|iPhone.ActiveCfg = Release|x86
		{CB4CFCED-F256-47E5-9096-66F5037DA49C}.AppStore|iPhone.Build.0 = Release|x86
		{CB4CFCED-F256-47E5-9096-66F5037DA49C}.AppStore|iPhone.Deploy.0 = Release|x86
		{CB4CFCED-F256-47E5-9096-66F5037DA49C}.AppStore|iPhoneSimulator.ActiveCfg = Release|x86
		{CB4CFCED-F256-47E5-9096-66F5037DA49C}.AppStore|iPhoneSimulator.Build.0 = Release|x86
		{CB4CFCED-F256-47E5-9096-66F5037DA49C}.AppStore|iPhoneSimulator.Deploy.0 = Release|x86
		{CB4CFCED-F256-47E5-9096-66F5037DA49C}.AppStore|x64.ActiveCfg = Release|x64
		{CB4CFCED-F256-47E5-9096-66F5037DA49C}.AppStore|x64.Build.0 = Release|x64
		{CB4CFCED-F256-47E5-9096-66F5037DA49C}.AppStore|x64.Deploy.0 = Release|x64
		{CB4CFCED-F256-47E5-9096-66F5037DA49C}.AppStore|x86.ActiveCfg = Release|x86
		{CB4CFCED-F256-47E5-9096-66F5037DA49C}.AppStore|x86.Build.0 = Release|x86
		{CB4CFCED-F256-47E5-9096-66F5037DA49C}.AppStore|x86.Deploy.0 = Release|x86
		{CB4CFCED-F256-47E5-9096-66F5037DA49C}.Debug|Any CPU.ActiveCfg = Debug|x86
		{CB4CFCED-F256-47E5-9096-66F5037DA49C}.Debug|ARM.ActiveCfg = Debug|ARM
		{CB4CFCED-F256-47E5-9096-66F5037DA49C}.Debug|ARM.Build.0 = Debug|ARM
		{CB4CFCED-F256-47E5-9096-66F5037DA49C}.Debug|ARM.Deploy.0 = Debug|ARM
		{CB4CFCED-F256-47E5-9096-66F5037DA49C}.Debug|iPhone.ActiveCfg = Debug|x86
		{CB4CFCED-F256-47E5-9096-66F5037DA49C}.Debug|iPhoneSimulator.ActiveCfg = Debug|x86
		{CB4CFCED-F256-47E5-9096-66F5037DA49C}.Debug|x64.ActiveCfg = Debug|x64
		{CB4CFCED-F256-47E5-9096-66F5037DA49C}.Debug|x64.Build.0 = Debug|x64
		{CB4CFCED-F256-47E5-9096-66F5037DA49C}.Debug|x64.Deploy.0 = Debug|x64
		{CB4CFCED-F256-47E5-9096-66F5037DA49C}.Debug|x86.ActiveCfg = Debug|x86
		{CB4CFCED-F256-47E5-9096-66F5037DA49C}.Debug|x86.Build.0 = Debug|x86
		{CB4CFCED-F256-47E5-9096-66F5037DA49C}.Debug|x86.Deploy.0 = Debug|x86
		{CB4CFCED-F256-47E5-9096-66F5037DA49C}.Release|Any CPU.ActiveCfg = Release|x86
		{CB4CFCED-F256-47E5-9096-66F5037DA49C}.Release|ARM.ActiveCfg = Release|ARM
		{CB4CFCED-F256-47E5-9096-66F5037DA49C}.Release|ARM.Build.0 = Release|ARM
		{CB4CFCED-F256-47E5-9096-66F5037DA49C}.Release|ARM.Deploy.0 = Release|ARM
		{CB4CFCED-F256-47E5-9096-66F5037DA49C}.Release|iPhone.ActiveCfg = Release|x86
		{CB4CFCED-F256-47E5-9096-66F5037DA49C}.Release|iPhoneSimulator.ActiveCfg = Release|x86
		{CB4CFCED-F256-47E5-9096-66F5037DA49C}.Release|x64.ActiveCfg = Release|x64
		{CB4CFCED-F256-47E5-9096-66F5037DA49C}.Release|x64.Build.0 = Release|x64
		{CB4CFCED-F256-47E5-9096-66F5037DA49C}.Release|x64.Deploy.0 = Release|x64
		{CB4CFCED-F256-47E5-9096-66F5037DA49C}.Release|x86.ActiveCfg = Release|x86
		{CB4CFCED-F256-47E5-9096-66F5037DA49C}.Release|x86.Build.0 = Release|x86
		{CB4CFCED-F256-47E5-9096-66F5037DA49C}.Release|x86.Deploy.0 = Release|x86
		{895EED68-35C0-4390-B860-92F84FDA5525}.Ad-Hoc|Any CPU.ActiveCfg = Ad-Hoc|iPhone
		{895EED68-35C0-4390-B860-92F84FDA5525}.Ad-Hoc|ARM.ActiveCfg = Ad-Hoc|iPhone
		{895EED68-35C0-4390-B860-92F84FDA5525}.Ad-Hoc|iPhone.ActiveCfg = Ad-Hoc|iPhone
		{895EED68-35C0-4390-B860-92F84FDA5525}.Ad-Hoc|iPhone.Build.0 = Ad-Hoc|iPhone
		{895EED68-35C0-4390-B860-92F84FDA5525}.Ad-Hoc|iPhoneSimulator.ActiveCfg = Ad-Hoc|iPhoneSimulator
		{895EED68-35C0-4390-B860-92F84FDA5525}.Ad-Hoc|iPhoneSimulator.Build.0 = Ad-Hoc|iPhoneSimulator
		{895EED68-35C0-4390-B860-92F84FDA5525}.Ad-Hoc|x64.ActiveCfg = Ad-Hoc|iPhone
		{895EED68-35C0-4390-B860-92F84FDA5525}.Ad-Hoc|x86.ActiveCfg = Ad-Hoc|iPhone
		{895EED68-35C0-4390-B860-92F84FDA5525}.AppStore|Any CPU.ActiveCfg = AppStore|iPhone
		{895EED68-35C0-4390-B860-92F84FDA5525}.AppStore|ARM.ActiveCfg = AppStore|iPhone
		{895EED68-35C0-4390-B860-92F84FDA5525}.AppStore|iPhone.ActiveCfg = AppStore|iPhone
		{895EED68-35C0-4390-B860-92F84FDA5525}.AppStore|iPhone.Build.0 = AppStore|iPhone
		{895EED68-35C0-4390-B860-92F84FDA5525}.AppStore|iPhoneSimulator.ActiveCfg = AppStore|iPhoneSimulator
		{895EED68-35C0-4390-B860-92F84FDA5525}.AppStore|iPhoneSimulator.Build.0 = AppStore|iPhoneSimulator
		{895EED68-35C0-4390-B860-92F84FDA5525}.AppStore|x64.ActiveCfg = AppStore|iPhone
		{895EED68-35C0-4390-B860-92F84FDA5525}.AppStore|x86.ActiveCfg = AppStore|iPhone
		{895EED68-35C0-4390-B860-92F84FDA5525}.Debug|Any CPU.ActiveCfg = Debug|iPhone
		{895EED68-35C0-4390-B860-92F84FDA5525}.Debug|ARM.ActiveCfg = Debug|iPhone
		{895EED68-35C0-4390-B860-92F84FDA5525}.Debug|iPhone.ActiveCfg = Debug|iPhone
		{895EED68-35C0-4390-B860-92F84FDA5525}.Debug|iPhone.Build.0 = Debug|iPhone
		{895EED68-35C0-4390-B860-92F84FDA5525}.Debug|iPhoneSimulator.ActiveCfg = Debug|iPhoneSimulator
		{895EED68-35C0-4390-B860-92F84FDA5525}.Debug|iPhoneSimulator.Build.0 = Debug|iPhoneSimulator
		{895EED68-35C0-4390-B860-92F84FDA5525}.Debug|x64.ActiveCfg = Debug|iPhone
		{895EED68-35C0-4390-B860-92F84FDA5525}.Debug|x86.ActiveCfg = Debug|iPhone
		{895EED68-35C0-4390-B860-92F84FDA5525}.Release|Any CPU.ActiveCfg = Release|iPhone
		{895EED68-35C0-4390-B860-92F84FDA5525}.Release|ARM.ActiveCfg = Release|iPhone
		{895EED68-35C0-4390-B860-92F84FDA5525}.Release|iPhone.ActiveCfg = Release|iPhone
		{895EED68-35C0-4390-B860-92F84FDA5525}.Release|iPhone.Build.0 = Release|iPhone
		{895EED68-35C0-4390-B860-92F84FDA5525}.Release|iPhoneSimulator.ActiveCfg = Release|iPhoneSimulator
		{895EED68-35C0-4390-B860-92F84FDA5525}.Release|iPhoneSimulator.Build.0 = Release|iPhoneSimulator
		{895EED68-35C0-4390-B860-92F84FDA5525}.Release|x64.ActiveCfg = Release|iPhone
		{895EED68-35C0-4390-B860-92F84FDA5525}.Release|x86.ActiveCfg = Release|iPhone
	EndGlobalSection
	GlobalSection(SolutionProperties) = preSolution
		HideSolutionNode = FALSE
	EndGlobalSection
	GlobalSection(ExtensibilityGlobals) = postSolution
		SolutionGuid = {EA489BC4-5AD9-418C-BAD2-8FF333D0EBD1}
	EndGlobalSection
EndGlobal
